
Microsoft Visual Studio Solution File, Format Version 12.00
# Visual Studio Version 17
VisualStudioVersion = 17.3.32929.385
MinimumVisualStudioVersion = 10.0.40219.1
Project("{8BC9CEB8-8B4A-11D0-8D11-00A0C91BC942}") = "LongestCommonPrefix", "LongestCommonPrefix.vcxproj", "{80673A7B-D2DC-4B8C-98C0-0922FC2CBE81}"
EndProject
Global
	GlobalSection(SolutionConfigurationPlatforms) = preSolution
		Debug|x64 = Debug|x64
		Debug|x86 = Debug|x86
		Release|x64 = Release|x64
		Release|x86 = Release|x86
	EndGlobalSection
	GlobalSection(ProjectConfigurationPlatforms) = postSolution
		{80673A7B-D2DC-4B8C-98C0-0922FC2CBE81}.Debug|x64.ActiveCfg = Debug|x64
		{80673A7B-D2DC-4B8C-98C0-0922FC2CBE81}.Debug|x64.Build.0 = Debug|x64
		{80673A7B-D2DC-4B8C-98C0-0922FC2CBE81}.Debug|x86.ActiveCfg = Debug|Win32
		{80673A7B-D2DC-4B8C-98C0-0922FC2CBE81}.Debug|x86.Build.0 = Debug|Win32
		{80673A7B-D2DC-4B8C-98C0-0922FC2CBE81}.Release|x64.ActiveCfg = Release|x64
		{80673A7B-D2DC-4B8C-98C0-0922FC2CBE81}.Release|x64.Build.0 = Release|x64
		{80673A7B-D2DC-4B8C-98C0-0922FC2CBE81}.Release|x86.ActiveCfg = Release|Win32
		{80673A7B-D2DC-4B8C-98C0-0922FC2CBE81}.Release|x86.Build.0 = Release|Win32
	EndGlobalSection
	GlobalSection(SolutionProperties) = preSolution
		HideSolutionNode = FALSE
	EndGlobalSection
	GlobalSection(ExtensibilityGlobals) = postSolution
		SolutionGuid = {B20BA815-5FD5-4F0C-A0FD-9A0CE982A8D1}
	EndGlobalSection
EndGlobal
